{
  "version": 1,
  "dependencies": {
    "net9.0": {
      "BCrypt.Net-Next": {
        "type": "Direct",
        "requested": "[4.0.3, )",
        "resolved": "4.0.3",
        "contentHash": "W+U9WvmZQgi5cX6FS5GDtDoPzUCV4LkBLkywq/kRZhuDwcbavOzcDAr3LXJFqHUi952Yj3LEYoWW0jbEUQChsA=="
      },
      "Microsoft.AspNetCore.SignalR.Client": {
        "type": "Direct",
        "requested": "[9.0.0, )",
        "resolved": "9.0.0",
        "contentHash": "yBkwPRFPVkSVJqk83DhnTC99iyJ14iSUjcFfbzbYB1pYB1VxbaqdEo7p0xFB/IcMo+ARD0lcZzXPHi+01e+bcg==",
        "dependencies": {
          "Microsoft.AspNetCore.Http.Connections.Client": "9.0.0",
          "Microsoft.AspNetCore.SignalR.Client.Core": "9.0.0"
        }
      },
      "Npgsql": {
        "type": "Direct",
        "requested": "[9.0.0, )",
        "resolved": "9.0.0",
        "contentHash": "zu1nCRt0gWP/GR0reYgg0Bl5o8qyNV7mVAgzAbVLRiAd1CYXcf/9nrubPH0mt93u8iGTKmYqWaLVECEAcE6IfQ==",
        "dependencies": {
          "Microsoft.Extensions.Logging.Abstractions": "8.0.2",
          "System.Text.Json": "9.0.0"
        }
      },
      "Microsoft.AspNetCore.Connections.Abstractions": {
        "type": "Transitive",
        "resolved": "9.0.0",
        "contentHash": "s2di/tl/ZvLMOEa3KA3VZXmZT1QEefvn7fMCIbHuA/e2xP8/NbLz+q+D6FXuyR/A6koyOB4r88i+99Ya00XJiw==",
        "dependencies": {
          "Microsoft.Extensions.Features": "9.0.0"
        }
      },
      "Microsoft.AspNetCore.Http.Connections.Client": {
        "type": "Transitive",
        "resolved": "9.0.0",
        "contentHash": "wuryRcgeSw022Hj0RObHh+P2K+Kk1ZjTrECnlHfMdY4PPqqGNYUnGV+MYZ5Q4jEdShpne0y4W6eBozxoG9wtRw==",
        "dependencies": {
          "Microsoft.AspNetCore.Http.Connections.Common": "9.0.0",
          "Microsoft.Extensions.Logging.Abstractions": "9.0.0",
          "Microsoft.Extensions.Options": "9.0.0",
          "System.Net.ServerSentEvents": "9.0.0"
        }
      },
      "Microsoft.AspNetCore.Http.Connections.Common": {
        "type": "Transitive",
        "resolved": "9.0.0",
        "contentHash": "hcJwfQ6bIxto8SUgnFd5wHi8pZ51zG1uHWr+YdKrgfBoAR8pWjYsqalJ5di71vDPMRvF8sdgC/KJA+HrxTLRAA==",
        "dependencies": {
          "Microsoft.AspNetCore.Connections.Abstractions": "9.0.0"
        }
      },
      "Microsoft.AspNetCore.SignalR.Client.Core": {
        "type": "Transitive",
        "resolved": "9.0.0",
        "contentHash": "RRy3TkkS4C29s6rKvTwCyJKAvZ7ZPyBg1Lv4HVl1s9G4ZcPy0Gs+hXkAlVcvlo8+jdwd6JORuyaoKkPZloKUSQ==",
        "dependencies": {
          "Microsoft.AspNetCore.SignalR.Common": "9.0.0",
          "Microsoft.AspNetCore.SignalR.Protocols.Json": "9.0.0",
          "Microsoft.Extensions.DependencyInjection": "9.0.0",
          "Microsoft.Extensions.Logging": "9.0.0",
          "System.Threading.Channels": "9.0.0"
        }
      },
      "Microsoft.AspNetCore.SignalR.Common": {
        "type": "Transitive",
        "resolved": "9.0.0",
        "contentHash": "ZGKfgj8IrC3RZYAbPYCR3hj2UXCAjQrnaLM4IQcsjRXFW2W9Hipn9PC9y6o4qv8yIQjCYLSrge9iuCo3JC3s4Q==",
        "dependencies": {
          "Microsoft.AspNetCore.Connections.Abstractions": "9.0.0",
          "Microsoft.Extensions.Options": "9.0.0"
        }
      },
      "Microsoft.AspNetCore.SignalR.Protocols.Json": {
        "type": "Transitive",
        "resolved": "9.0.0",
        "contentHash": "pgbKru6+hBoCnMtADdnDNVK/HPCNV84vrkVLvK3wteJPFmN3dHuefr4QGTTIvBAhw3o7KYs3X4hnwXMOfLMOqA==",
        "dependencies": {
          "Microsoft.AspNetCore.SignalR.Common": "9.0.0"
        }
      },
      "Microsoft.Extensions.DependencyInjection": {
        "type": "Transitive",
        "resolved": "9.0.0",
        "contentHash": "MCPrg7v3QgNMr0vX4vzRXvkNGgLg8vKWX0nKCWUxu2uPyMsaRgiRc1tHBnbTcfJMhMKj2slE/j2M9oGkd25DNw==",
        "dependencies": {
          "Microsoft.Extensions.DependencyInjection.Abstractions": "9.0.0"
        }
      },
      "Microsoft.Extensions.DependencyInjection.Abstractions": {
        "type": "Transitive",
        "resolved": "9.0.0",
        "contentHash": "+6f2qv2a3dLwd5w6JanPIPs47CxRbnk+ZocMJUhv9NxP88VlOcJYZs9jY+MYSjxvady08bUZn6qgiNh7DadGgg=="
      },
      "Microsoft.Extensions.Features": {
        "type": "Transitive",
        "resolved": "9.0.0",
        "contentHash": "2mYnxoSho8W1e8VaZPr+mkeYaUi9XSwRK2M2t2w0dvQ06YTZ/1BZM274OMj4grH2GdQCe6mBn2vJDpmMInQdvA=="
      },
      "Microsoft.Extensions.Logging": {
        "type": "Transitive",
        "resolved": "9.0.0",
        "contentHash": "crjWyORoug0kK7RSNJBTeSE6VX8IQgLf3nUpTB9m62bPXp/tzbnOsnbe8TXEG0AASNaKZddnpHKw7fET8E++Pg==",
        "dependencies": {
          "Microsoft.Extensions.DependencyInjection": "9.0.0",
          "Microsoft.Extensions.Logging.Abstractions": "9.0.0",
          "Microsoft.Extensions.Options": "9.0.0"
        }
      },
      "Microsoft.Extensions.Logging.Abstractions": {
        "type": "Transitive",
        "resolved": "9.0.0",
        "contentHash": "g0UfujELzlLbHoVG8kPKVBaW470Ewi+jnptGS9KUi6jcb+k2StujtK3m26DFSGGwQ/+bVgZfsWqNzlP6YOejvw==",
        "dependencies": {
          "Microsoft.Extensions.DependencyInjection.Abstractions": "9.0.0"
        }
      },
      "Microsoft.Extensions.Options": {
        "type": "Transitive",
        "resolved": "9.0.0",
        "contentHash": "y2146b3jrPI3Q0lokKXdKLpmXqakYbDIPDV6r3M8SqvSf45WwOTzkyfDpxnZXJsJQEpAsAqjUq5Pu8RCJMjubg==",
        "dependencies": {
          "Microsoft.Extensions.DependencyInjection.Abstractions": "9.0.0",
          "Microsoft.Extensions.Primitives": "9.0.0"
        }
      },
      "Microsoft.Extensions.Primitives": {
        "type": "Transitive",
        "resolved": "9.0.0",
        "contentHash": "N3qEBzmLMYiASUlKxxFIISP4AiwuPTHF5uCh+2CWSwwzAJiIYx0kBJsS30cp1nvhSySFAVi30jecD307jV+8Kg=="
      },
      "System.Net.ServerSentEvents": {
        "type": "Transitive",
        "resolved": "9.0.0",
        "contentHash": "VTWjeyx9nPb4+hkjGcAaDw1nOckypMtvABmxSWm6PPYwrXoIiVG3jwtNlAGhaGVjDkBrERABox67wYTAcHxg7Q=="
      },
      "System.Text.Json": {
        "type": "Transitive",
        "resolved": "9.0.0",
        "contentHash": "js7+qAu/9mQvnhA4EfGMZNEzXtJCDxgkgj8ohuxq/Qxv+R56G+ljefhiJHOxTNiw54q8vmABCWUwkMulNdlZ4A=="
      },
      "System.Threading.Channels": {
        "type": "Transitive",
        "resolved": "9.0.0",
        "contentHash": "hzACdIf1C+4Dqos5ijV404b94+LqfIC8nfS3mNpCDFWowb1N3PNfJPopneq32ahWlDeyaPZJqjBk76YFR69Rpg=="
      }
    }
  }
}