{
  "version": 1,
  "dependencies": {
    "net9.0": {
      "FluentValidation": {
        "type": "Direct",
        "requested": "[11.4.0, )",
        "resolved": "11.4.0",
        "contentHash": "WZJyrNf4suiaI6avVG32W9kmBLC3+V5rDTcLeRJjeU4tDmTyDIOz1459DzCKppXs34YpZg9rCUzDY3M4XxG7Ug=="
      },
      "FluentValidation.DependencyInjectionExtensions": {
        "type": "Direct",
        "requested": "[11.4.0, )",
        "resolved": "11.4.0",
        "contentHash": "iZXtoDqfRnggHwIbFWnK1sFs3KlTadH5ezNDiXz411OSkUNowBRboaZBcSvx4gEot7CNZdoReUKWYJwow2+mbg==",
        "dependencies": {
          "FluentValidation": "11.4.0",
          "Microsoft.Extensions.Dependencyinjection.Abstractions": "2.1.0"
        }
      },
      "Microsoft.Extensions.DependencyInjection.Abstractions": {
        "type": "Direct",
        "requested": "[9.0.19, )",
        "resolved": "9.0.19",
        "contentHash": "XgQ0aVWClYjYSBqbYrKC/xyZ1KHf+VVwNF3+d54jcaqnst30Q//ugs/FJwUztLZiph0gp85g7i/eB0556twO0Q=="
      },
      "ghcaa.domain": {
        "type": "Project"
      }
    }
  }
}